// !$*UTF8*$!
{
	archiveVersion = 1;
	classes = {
	};
	objectVersion = 46;
	objects = {

/* Begin PBXBuildFile section */
		A35E3C82223FB1CB001A4F01 /* AppDelegate.swift in Sources */ = {isa = PBXBuildFile; fileRef = A35E3C81223FB1CB001A4F01 /* AppDelegate.swift */; };
		A35E3C84223FB1CB001A4F01 /* ViewController.swift in Sources */ = {isa = PBXBuildFile; fileRef = A35E3C83223FB1CB001A4F01 /* ViewController.swift */; };
		A35E3C87223FB1CB001A4F01 /* Main.storyboard in Resources */ = {isa = PBXBuildFile; fileRef = A35E3C85223FB1CB001A4F01 /* Main.storyboard */; };
		A35E3C89223FB1CB001A4F01 /* Assets.xcassets in Resources */ = {isa = PBXBuildFile; fileRef = A35E3C88223FB1CB001A4F01 /* Assets.xcassets */; };
		A35E3C8C223FB1CB001A4F01 /* LaunchScreen.storyboard in Resources */ = {isa = PBXBuildFile; fileRef = A35E3C8A223FB1CB001A4F01 /* LaunchScreen.storyboard */; };
		A3B003662248F3960001359A /* calculatorBrain.swift in Sources */ = {isa = PBXBuildFile; fileRef = A3B003652248F3960001359A /* calculatorBrain.swift */; };
/* End PBXBuildFile section */

/* Begin PBXFileReference section */
		A35E3C7E223FB1CB001A4F01 /* calculter.app */ = {isa = PBXFileReference; explicitFileType = wrapper.application; includeInIndex = 0; path = calculter.app; sourceTree = BUILT_PRODUCTS_DIR; };
		A35E3C81223FB1CB001A4F01 /* AppDelegate.swift */ = {isa = PBXFileReference; lastKnownFileType = sourcecode.swift; path = AppDelegate.swift; sourceTree = "<group>"; };
		A35E3C83223FB1CB001A4F01 /* ViewController.swift */ = {isa = PBXFileReference; lastKnownFileType = sourcecode.swift; path = ViewController.swift; sourceTree = "<group>"; };
		A35E3C86223FB1CB001A4F01 /* Base */ = {isa = PBXFileReference; lastKnownFileType = file.storyboard; name = Base; path = Base.lproj/Main.storyboard; sourceTree = "<group>"; };
		A35E3C88223FB1CB001A4F01 /* Assets.xcassets */ = {isa = PBXFileReference; lastKnownFileType = folder.assetcatalog; path = Assets.xcassets; sourceTree = "<group>"; };
		A35E3C8B223FB1CB001A4F01 /* Base */ = {isa = PBXFileReference; lastKnownFileType = file.storyboard; name = Base; path = Base.lproj/LaunchScreen.storyboard; sourceTree = "<group>"; };
		A35E3C8D223FB1CB001A4F01 /* Info.plist */ = {isa = PBXFileReference; lastKnownFileType = text.plist.xml; path = Info.plist; sourceTree = "<group>"; };
		A3B003652248F3960001359A /* calculatorBrain.swift */ = {isa = PBXFileReference; fileEncoding = 4; lastKnownFileType = sourcecode.swift; path = calculatorBrain.swift; sourceTree = "<group>"; };
/* End PBXFileReference section */

/* Begin PBXFrameworksBuildPhase section */
		A35E3C7B223FB1CB001A4F01 /* Frameworks */ = {
			isa = PBXFrameworksBuildPhase;
			buildActionMask = 2147483647;
			files = (
			);
			runOnlyForDeploymentPostprocessing = 0;
		};
/* End PBXFrameworksBuildPhase section */

/* Begin PBXGroup section */
		A35E3C75223FB1CB001A4F01 = {
			isa = PBXGroup;
			children = (
				A35E3C80223FB1CB001A4F01 /* calculter */,
				A35E3C7F223FB1CB001A4F01 /* Products */,
			);
			sourceTree = "<group>";
		};
		A35E3C7F223FB1CB001A4F01 /* Products */ = {
			isa = PBXGroup;
			children = (
				A35E3C7E223FB1CB001A4F01 /* calculter.app */,
			);
			name = Products;
			sourceTree = "<group>";
		};
		A35E3C80223FB1CB001A4F01 /* calculter */ = {
			isa = PBXGroup;
			children = (
				A35E3C83223FB1CB001A4F01 /* ViewController.swift */,
				A35E3C85223FB1CB001A4F01 /* Main.storyboard */,
				A3B003652248F3960001359A /* calculatorBrain.swift */,
				A35E3C93223FB26C001A4F01 /* support */,
			);
			path = calculter;
			sourceTree = "<group>";
		};
		A35E3C93223FB26C001A4F01 /* support */ = {
			isa = PBXGroup;
			children = (
				A35E3C8A223FB1CB001A4F01 /* LaunchScreen.storyboard */,
				A35E3C8D223FB1CB001A4F01 /* Info.plist */,
				A35E3C88223FB1CB001A4F01 /* Assets.xcassets */,
				A35E3C81223FB1CB001A4F01 /* AppDelegate.swift */,
			);
			name = support;
			sourceTree = "<group>";
		};
/* End PBXGroup section */

/* Begin PBXNativeTarget section */
		A35E3C7D223FB1CB001A4F01 /* calculter */ = {
			isa = PBXNativeTarget;
			buildConfigurationList = A35E3C90223FB1CB001A4F01 /* Build configuration list for PBXNativeTarget "calculter" */;
			buildPhases = (
				A35E3C7A223FB1CB001A4F01 /* Sources */,
				A35E3C7B223FB1CB001A4F01 /* Frameworks */,
				A35E3C7C223FB1CB001A4F01 /* Resources */,
			);
			buildRules = (
			);
			dependencies = (
			);
			name = calculter;
			productName = calculter;
			productReference = A35E3C7E223FB1CB001A4F01 /* calculter.app */;
			productType = "com.apple.product-type.application";
		};
/* End PBXNativeTarget section */

/* Begin PBXProject section */
		A35E3C76223FB1CB001A4F01 /* Project object */ = {
			isa = PBXProject;
			attributes = {
				LastSwiftUpdateCheck = 0800;
				LastUpgradeCheck = 0800;
				ORGANIZATIONNAME = zhy;
				TargetAttributes = {
					A35E3C7D223FB1CB001A4F01 = {
						CreatedOnToolsVersion = 8.0;
						DevelopmentTeam = T4U483X67S;
						LastSwiftMigration = 1010;
						ProvisioningStyle = Automatic;
					};
				};
			};
			buildConfigurationList = A35E3C79223FB1CB001A4F01 /* Build configuration list for PBXProject "calculter" */;
			compatibilityVersion = "Xcode 3.2";
			developmentRegion = English;
			hasScannedForEncodings = 0;
			knownRegions = (
				en,
				Base,
			);
			mainGroup = A35E3C75223FB1CB001A4F01;
			productRefGroup = A35E3C7F223FB1CB001A4F01 /* Products */;
			projectDirPath = "";
			projectRoot = "";
			targets = (
				A35E3C7D223FB1CB001A4F01 /* calculter */,
			);
		};
/* End PBXProject section */

/* Begin PBXResourcesBuildPhase section */
		A35E3C7C223FB1CB001A4F01 /* Resources */ = {
			isa = PBXResourcesBuildPhase;
			buildActionMask = 2147483647;
			files = (
				A35E3C8C223FB1CB001A4F01 /* LaunchScreen.storyboard in Resources */,
				A35E3C89223FB1CB001A4F01 /* Assets.xcassets in Resources */,
				A35E3C87223FB1CB001A4F01 /* Main.storyboard in Resources */,
			);
			runOnlyForDeploymentPostprocessing = 0;
		};
/* End PBXResourcesBuildPhase section */

/* Begin PBXSourcesBuildPhase section */
		A35E3C7A223FB1CB001A4F01 /* Sources */ = {
			isa = PBXSourcesBuildPhase;
			buildActionMask = 2147483647;
			files = (
				A35E3C84223FB1CB001A4F01 /* ViewController.swift in Sources */,
				A3B003662248F3960001359A /* calculatorBrain.swift in Sources */,
				A35E3C82223FB1CB001A4F01 /* AppDelegate.swift in Sources */,
			);
			runOnlyForDeploymentPostprocessing = 0;
		};
/* End PBXSourcesBuildPhase section */

/* Begin PBXVariantGroup section */
		A35E3C85223FB1CB001A4F01 /* Main.storyboard */ = {
			isa = PBXVariantGroup;
			children = (
				A35E3C86223FB1CB001A4F01 /* Base */,
			);
			name = Main.storyboard;
			sourceTree = "<group>";
		};
		A35E3C8A223FB1CB001A4F01 /* LaunchScreen.storyboard */ = {
			isa = PBXVariantGroup;
			children = (
				A35E3C8B223FB1CB001A4F01 /* Base */,
			);
			name = LaunchScreen.storyboard;
			sourceTree = "<group>";
		};
/* End PBXVariantGroup section */

/* Begin XCBuildConfiguration section */
		A35E3C8E223FB1CB001A4F01 /* Debug */ = {
			isa = XCBuildConfiguration;
			buildSettings = {
				ALWAYS_SEARCH_USER_PATHS = NO;
				CLANG_ANALYZER_NONNULL = YES;
				CLANG_CXX_LANGUAGE_STANDARD = "gnu++0x";
				CLANG_CXX_LIBRARY = "libc++";
				CLANG_ENABLE_MODULES = YES;
				CLANG_ENABLE_OBJC_ARC = YES;
				CLANG_WARN_BOOL_CONVERSION = YES;
				CLANG_WARN_CONSTANT_CONVERSION = YES;
				CLANG_WARN_DIRECT_OBJC_ISA_USAGE = YES_ERROR;
				CLANG_WARN_DOCUMENTATION_COMMENTS = YES;
				CLANG_WARN_EMPTY_BODY = YES;
				CLANG_WARN_ENUM_CONVERSION = YES;
				CLANG_WARN_INFINITE_RECURSION = YES;
				CLANG_WARN_INT_CONVERSION = YES;
				CLANG_WARN_OBJC_ROOT_CLASS = YES_ERROR;
				CLANG_WARN_SUSPICIOUS_MOVES = YES;
				CLANG_WARN_UNREACHABLE_CODE = YES;
				CLANG_WARN__DUPLICATE_METHOD_MATCH = YES;
				"CODE_SIGN_IDENTITY[sdk=iphoneos*]" = "iPhone Developer";
				COPY_PHASE_STRIP = NO;
				DEBUG_INFORMATION_FORMAT = dwarf;
				ENABLE_STRICT_OBJC_MSGSEND = YES;
				ENABLE_TESTABILITY = YES;
				GCC_C_LANGUAGE_STANDARD = gnu99;
				GCC_DYNAMIC_NO_PIC = NO;
				GCC_NO_COMMON_BLOCKS = YES;
				GCC_OPTIMIZATION_LEVEL = 0;
				GCC_PREPROCESSOR_DEFINITIONS = (
					"DEBUG=1",
					"$(inherited)",
				);
				GCC_WARN_64_TO_32_BIT_CONVERSION = YES;
				GCC_WARN_ABOUT_RETURN_TYPE = YES_ERROR;
				GCC_WARN_UNDECLARED_SELECTOR = YES;
				GCC_WARN_UNINITIALIZED_AUTOS = YES_AGGRESSIVE;
				GCC_WARN_UNUSED_FUNCTION = YES;
				GCC_WARN_UNUSED_VARIABLE = YES;
				IPHONEOS_DEPLOYMENT_TARGET = 10.0;
				MTL_ENABLE_DEBUG_INFO = YES;
				ONLY_ACTIVE_ARCH = YES;
				SDKROOT = iphoneos;
				SWIFT_ACTIVE_COMPILATION_CONDITIONS = DEBUG;
				SWIFT_OPTIMIZATION_LEVEL = "-Onone";
				TARGETED_DEVICE_FAMILY = "1,2";
			};
			name = Debug;
		};
		A35E3C8F223FB1CB001A4F01 /* Release */ = {
			isa = XCBuildConfiguration;
			buildSettings = {
				ALWAYS_SEARCH_USER_PATHS = NO;
				CLANG_ANALYZER_NONNULL = YES;
				CLANG_CXX_LANGUAGE_STANDARD = "gnu++0x";
				CLANG_CXX_LIBRARY = "libc++";
				CLANG_ENABLE_MODULES = YES;
				CLANG_ENABLE_OBJC_ARC = YES;
				CLANG_WARN_BOOL_CONVERSION = YES;
				CLANG_WARN_CONSTANT_CONVERSION = YES;
				CLANG_WARN_DIRECT_OBJC_ISA_USAGE = YES_ERROR;
				CLANG_WARN_DOCUMENTATION_COMMENTS = YES;
				CLANG_WARN_EMPTY_BODY = YES;
				CLANG_WARN_ENUM_CONVERSION = YES;
				CLANG_WARN_INFINITE_RECURSION = YES;
				CLANG_WARN_INT_CONVERSION = YES;
				CLANG_WARN_OBJC_ROOT_CLASS = YES_ERROR;
				CLANG_WARN_SUSPICIOUS_MOVES = YES;
				CLANG_WARN_UNREACHABLE_CODE = YES;
				CLANG_WARN__DUPLICATE_METHOD_MATCH = YES;
				"CODE_SIGN_IDENTITY[sdk=iphoneos*]" = "iPhone Developer";
				COPY_PHASE_STRIP = NO;
				DEBUG_INFORMATION_FORMAT = "dwarf-with-dsym";
				ENABLE_NS_ASSERTIONS = NO;
				ENABLE_STRICT_OBJC_MSGSEND = YES;
				GCC_C_LANGUAGE_STANDARD = gnu99;
				GCC_NO_COMMON_BLOCKS = YES;
				GCC_WARN_64_TO_32_BIT_CONVERSION = YES;
				GCC_WARN_ABOUT_RETURN_TYPE = YES_ERROR;
				GCC_WARN_UNDECLARED_SELECTOR = YES;
				GCC_WARN_UNINITIALIZED_AUTOS = YES_AGGRESSIVE;
				GCC_WARN_UNUSED_FUNCTION = YES;
				GCC_WARN_UNUSED_VARIABLE = YES;
				IPHONEOS_DEPLOYMENT_TARGET = 10.0;
				MTL_ENABLE_DEBUG_INFO = NO;
				SDKROOT = iphoneos;
				SWIFT_OPTIMIZATION_LEVEL = "-Owholemodule";
				TARGETED_DEVICE_FAMILY = "1,2";
				VALIDATE_PRODUCT = YES;
			};
			name = Release;
		};
		A35E3C91223FB1CB001A4F01 /* Debug */ = {
			isa = XCBuildConfiguration;
			buildSettings = {
				DEVELOPMENT_TEAM = T4U483X67S;
				INFOPLIST_FILE = calculter/Info.plist;
				LD_RUNPATH_SEARCH_PATHS = "$(inherited) @executable_path/Frameworks";
				PRODUCT_BUNDLE_IDENTIFIER = cn.edu.jlu.zhy.calculter;
				PRODUCT_NAME = "$(TARGET_NAME)";
				SWIFT_VERSION = 3.0;
			};
			name = Debug;
		};
		A35E3C92223FB1CB001A4F01 /* Release */ = {
			isa = XCBuildConfiguration;
			buildSettings = {
				DEVELOPMENT_TEAM = T4U483X67S;
				INFOPLIST_FILE = calculter/Info.plist;
				LD_RUNPATH_SEARCH_PATHS = "$(inherited) @executable_path/Frameworks";
				PRODUCT_BUNDLE_IDENTIFIER = cn.edu.jlu.zhy.calculter;
				PRODUCT_NAME = "$(TARGET_NAME)";
				SWIFT_VERSION = 3.0;
			};
			name = Release;
		};
/* End XCBuildConfiguration section */

/* Begin XCConfigurationList section */
		A35E3C79223FB1CB001A4F01 /* Build configuration list for PBXProject "calculter" */ = {
			isa = XCConfigurationList;
			buildConfigurations = (
				A35E3C8E223FB1CB001A4F01 /* Debug */,
				A35E3C8F223FB1CB001A4F01 /* Release */,
			);
			defaultConfigurationIsVisible = 0;
			defaultConfigurationName = Release;
		};
		A35E3C90223FB1CB001A4F01 /* Build configuration list for PBXNativeTarget "calculter" */ = {
			isa = XCConfigurationList;
			buildConfigurations = (
				A35E3C91223FB1CB001A4F01 /* Debug */,
				A35E3C92223FB1CB001A4F01 /* Release */,
			);
			defaultConfigurationIsVisible = 0;
			defaultConfigurationName = Release;
		};
/* End XCConfigurationList section */
	};
	rootObject = A35E3C76223FB1CB001A4F01 /* Project object */;
}
